
Microsoft Visual Studio Solution File, Format Version 12.00
# Visual Studio 15
VisualStudioVersion = 15.0.26124.0
MinimumVisualStudioVersion = 15.0.26124.0
Project("{2150E333-8FDC-42A3-9474-1A3956D46DE8}") = "src", "src", "{78C39CFC-0E3B-4357-B6C3-C84C565D9152}"
EndProject
Project("{FAE04EC0-301F-11D3-BF4B-00C04F79EFBC}") = "FizzyLogic.AspNetCore.Mvc.Testing", "src\FizzyLogic.AspNetCore.Mvc.Testing\FizzyLogic.AspNetCore.Mvc.Testing.csproj", "{CF2BD1F4-250D-48A3-861E-2A09C232F706}"
EndProject
Project("{2150E333-8FDC-42A3-9474-1A3956D46DE8}") = "tests", "tests", "{BB2E3BAC-D7E2-4391-8077-2C7890E481D2}"
EndProject
Project("{FAE04EC0-301F-11D3-BF4B-00C04F79EFBC}") = "FizzyLogic.AspNetCore.Mvc.Testing.Tests", "tests\FizzyLogic.AspNetCore.Mvc.Testing.Tests\FizzyLogic.AspNetCore.Mvc.Testing.Tests.csproj", "{DA8133CC-0134-4E36-BE51-EA526E874600}"
EndProject
Global
	GlobalSection(SolutionConfigurationPlatforms) = preSolution
		Debug|Any CPU = Debug|Any CPU
		Debug|x64 = Debug|x64
		Debug|x86 = Debug|x86
		Release|Any CPU = Release|Any CPU
		Release|x64 = Release|x64
		Release|x86 = Release|x86
	EndGlobalSection
	GlobalSection(SolutionProperties) = preSolution
		HideSolutionNode = FALSE
	EndGlobalSection
	GlobalSection(ProjectConfigurationPlatforms) = postSolution
		{CF2BD1F4-250D-48A3-861E-2A09C232F706}.Debug|Any CPU.ActiveCfg = Debug|Any CPU
		{CF2BD1F4-250D-48A3-861E-2A09C232F706}.Debug|Any CPU.Build.0 = Debug|Any CPU
		{CF2BD1F4-250D-48A3-861E-2A09C232F706}.Debug|x64.ActiveCfg = Debug|Any CPU
		{CF2BD1F4-250D-48A3-861E-2A09C232F706}.Debug|x64.Build.0 = Debug|Any CPU
		{CF2BD1F4-250D-48A3-861E-2A09C232F706}.Debug|x86.ActiveCfg = Debug|Any CPU
		{CF2BD1F4-250D-48A3-861E-2A09C232F706}.Debug|x86.Build.0 = Debug|Any CPU
		{CF2BD1F4-250D-48A3-861E-2A09C232F706}.Release|Any CPU.ActiveCfg = Release|Any CPU
		{CF2BD1F4-250D-48A3-861E-2A09C232F706}.Release|Any CPU.Build.0 = Release|Any CPU
		{CF2BD1F4-250D-48A3-861E-2A09C232F706}.Release|x64.ActiveCfg = Release|Any CPU
		{CF2BD1F4-250D-48A3-861E-2A09C232F706}.Release|x64.Build.0 = Release|Any CPU
		{CF2BD1F4-250D-48A3-861E-2A09C232F706}.Release|x86.ActiveCfg = Release|Any CPU
		{CF2BD1F4-250D-48A3-861E-2A09C232F706}.Release|x86.Build.0 = Release|Any CPU
		{DA8133CC-0134-4E36-BE51-EA526E874600}.Debug|Any CPU.ActiveCfg = Debug|Any CPU
		{DA8133CC-0134-4E36-BE51-EA526E874600}.Debug|Any CPU.Build.0 = Debug|Any CPU
		{DA8133CC-0134-4E36-BE51-EA526E874600}.Debug|x64.ActiveCfg = Debug|Any CPU
		{DA8133CC-0134-4E36-BE51-EA526E874600}.Debug|x64.Build.0 = Debug|Any CPU
		{DA8133CC-0134-4E36-BE51-EA526E874600}.Debug|x86.ActiveCfg = Debug|Any CPU
		{DA8133CC-0134-4E36-BE51-EA526E874600}.Debug|x86.Build.0 = Debug|Any CPU
		{DA8133CC-0134-4E36-BE51-EA526E874600}.Release|Any CPU.ActiveCfg = Release|Any CPU
		{DA8133CC-0134-4E36-BE51-EA526E874600}.Release|Any CPU.Build.0 = Release|Any CPU
		{DA8133CC-0134-4E36-BE51-EA526E874600}.Release|x64.ActiveCfg = Release|Any CPU
		{DA8133CC-0134-4E36-BE51-EA526E874600}.Release|x64.Build.0 = Release|Any CPU
		{DA8133CC-0134-4E36-BE51-EA526E874600}.Release|x86.ActiveCfg = Release|Any CPU
		{DA8133CC-0134-4E36-BE51-EA526E874600}.Release|x86.Build.0 = Release|Any CPU
	EndGlobalSection
	GlobalSection(NestedProjects) = preSolution
		{CF2BD1F4-250D-48A3-861E-2A09C232F706} = {78C39CFC-0E3B-4357-B6C3-C84C565D9152}
		{DA8133CC-0134-4E36-BE51-EA526E874600} = {BB2E3BAC-D7E2-4391-8077-2C7890E481D2}
	EndGlobalSection
EndGlobal
